
Microsoft Visual Studio Solution File, Format Version 12.00
# Visual Studio Version 17
VisualStudioVersion = 17.4.33205.214
MinimumVisualStudioVersion = 10.0.40219.1
Project("{FAE04EC0-301F-11D3-BF4B-00C04F79EFBC}") = "MultiShop", "MultiShop.csproj", "{5763A287-87B0-44E4-8A3B-0B5F15D1D8F8}"
EndProject
Global
	GlobalSection(SolutionConfigurationPlatforms) = preSolution
		Debug|Any CPU = Debug|Any CPU
		Release|Any CPU = Release|Any CPU
	EndGlobalSection
	GlobalSection(ProjectConfigurationPlatforms) = postSolution
		{5763A287-87B0-44E4-8A3B-0B5F15D1D8F8}.Debug|Any CPU.ActiveCfg = Debug|Any CPU
		{5763A287-87B0-44E4-8A3B-0B5F15D1D8F8}.Debug|Any CPU.Build.0 = Debug|Any CPU
		{5763A287-87B0-44E4-8A3B-0B5F15D1D8F8}.Release|Any CPU.ActiveCfg = Release|Any CPU
		{5763A287-87B0-44E4-8A3B-0B5F15D1D8F8}.Release|Any CPU.Build.0 = Release|Any CPU
	EndGlobalSection
	GlobalSection(SolutionProperties) = preSolution
		HideSolutionNode = FALSE
	EndGlobalSection
	GlobalSection(ExtensibilityGlobals) = postSolution
		SolutionGuid = {8F483AB5-D12C-413E-AB24-5D93BF36B9E2}
	EndGlobalSection
EndGlobal
